
Microsoft Visual Studio Solution File, Format Version 12.00
# Visual Studio Version 17
VisualStudioVersion = 17.5.33516.290
MinimumVisualStudioVersion = 10.0.40219.1
Project("{FAE04EC0-301F-11D3-BF4B-00C04F79EFBC}") = "Rapp Plugins", "Rapp Plugins\Rapp Plugins.csproj", "{A169F3B4-A2F6-4A6D-AFE5-D937755D421B}"
EndProject
Project("{D954291E-2A0B-460D-934E-DC6B0785DB48}") = "Common", "Common\Common.shproj", "{1A263028-741D-435A-A196-99AB7EF0BDE3}"
EndProject
Global
	GlobalSection(SolutionConfigurationPlatforms) = preSolution
		Debug|Any CPU = Debug|Any CPU
		Release|Any CPU = Release|Any CPU
	EndGlobalSection
	GlobalSection(ProjectConfigurationPlatforms) = postSolution
		{A169F3B4-A2F6-4A6D-AFE5-D937755D421B}.Debug|Any CPU.ActiveCfg = Debug|Any CPU
		{A169F3B4-A2F6-4A6D-AFE5-D937755D421B}.Debug|Any CPU.Build.0 = Debug|Any CPU
		{A169F3B4-A2F6-4A6D-AFE5-D937755D421B}.Release|Any CPU.ActiveCfg = Release|Any CPU
		{A169F3B4-A2F6-4A6D-AFE5-D937755D421B}.Release|Any CPU.Build.0 = Release|Any CPU
	EndGlobalSection
	GlobalSection(SolutionProperties) = preSolution
		HideSolutionNode = FALSE
	EndGlobalSection
	GlobalSection(ExtensibilityGlobals) = postSolution
		SolutionGuid = {4565693D-F5D2-4E23-A8A8-D1B3AD71D9CA}
	EndGlobalSection
	GlobalSection(SharedMSBuildProjectFiles) = preSolution
		Common\Common.projitems*{1a263028-741d-435a-a196-99ab7ef0bde3}*SharedItemsImports = 13
		Common\Common.projitems*{a169f3b4-a2f6-4a6d-afe5-d937755d421b}*SharedItemsImports = 4
	EndGlobalSection
EndGlobal
